
Microsoft Visual Studio Solution File, Format Version 12.00
# Visual Studio Version 17
VisualStudioVersion = 17.9.34701.34
MinimumVisualStudioVersion = 10.0.40219.1
Project("{9A19103F-16F7-4668-BE54-9A1E7A4F7556}") = "TrackerLibrary", "TrackerLibrary\TrackerLibrary.csproj", "{6FA144B0-2C17-4AE5-B285-BE4D5BD67BBF}"
EndProject
Project("{FAE04EC0-301F-11D3-BF4B-00C04F79EFBC}") = "TrackerUI", "TrackerUI\TrackerUI.csproj", "{A3D82CFE-705F-4DCE-92B6-FA90C33DCCF6}"
EndProject
Global
	GlobalSection(SolutionConfigurationPlatforms) = preSolution
		Debug|Any CPU = Debug|Any CPU
		Release|Any CPU = Release|Any CPU
	EndGlobalSection
	GlobalSection(ProjectConfigurationPlatforms) = postSolution
		{6FA144B0-2C17-4AE5-B285-BE4D5BD67BBF}.Debug|Any CPU.ActiveCfg = Debug|Any CPU
		{6FA144B0-2C17-4AE5-B285-BE4D5BD67BBF}.Debug|Any CPU.Build.0 = Debug|Any CPU
		{6FA144B0-2C17-4AE5-B285-BE4D5BD67BBF}.Release|Any CPU.ActiveCfg = Release|Any CPU
		{6FA144B0-2C17-4AE5-B285-BE4D5BD67BBF}.Release|Any CPU.Build.0 = Release|Any CPU
		{A3D82CFE-705F-4DCE-92B6-FA90C33DCCF6}.Debug|Any CPU.ActiveCfg = Debug|Any CPU
		{A3D82CFE-705F-4DCE-92B6-FA90C33DCCF6}.Debug|Any CPU.Build.0 = Debug|Any CPU
		{A3D82CFE-705F-4DCE-92B6-FA90C33DCCF6}.Release|Any CPU.ActiveCfg = Release|Any CPU
		{A3D82CFE-705F-4DCE-92B6-FA90C33DCCF6}.Release|Any CPU.Build.0 = Release|Any CPU
	EndGlobalSection
	GlobalSection(SolutionProperties) = preSolution
		HideSolutionNode = FALSE
	EndGlobalSection
	GlobalSection(ExtensibilityGlobals) = postSolution
		SolutionGuid = {CBABDB5F-0532-4F41-AB43-E63FA1DD1A93}
	EndGlobalSection
EndGlobal
